
Microsoft Visual Studio Solution File, Format Version 12.00
# Visual Studio Version 17
VisualStudioVersion = 17.14.36915.13 d17.14
MinimumVisualStudioVersion = 10.0.40219.1
Project("{FAE04EC0-301F-11D3-BF4B-00C04F79EFBC}") = "LatihanPolimorfisme1", "LatihanPolimorfisme1\LatihanPolimorfisme1.csproj", "{5B957BB7-B24E-46D2-BD2F-947611E8A1D3}"
EndProject
Global
	GlobalSection(SolutionConfigurationPlatforms) = preSolution
		Debug|Any CPU = Debug|Any CPU
		Release|Any CPU = Release|Any CPU
	EndGlobalSection
	GlobalSection(ProjectConfigurationPlatforms) = postSolution
		{5B957BB7-B24E-46D2-BD2F-947611E8A1D3}.Debug|Any CPU.ActiveCfg = Debug|Any CPU
		{5B957BB7-B24E-46D2-BD2F-947611E8A1D3}.Debug|Any CPU.Build.0 = Debug|Any CPU
		{5B957BB7-B24E-46D2-BD2F-947611E8A1D3}.Release|Any CPU.ActiveCfg = Release|Any CPU
		{5B957BB7-B24E-46D2-BD2F-947611E8A1D3}.Release|Any CPU.Build.0 = Release|Any CPU
	EndGlobalSection
	GlobalSection(SolutionProperties) = preSolution
		HideSolutionNode = FALSE
	EndGlobalSection
	GlobalSection(ExtensibilityGlobals) = postSolution
		SolutionGuid = {612BE4B6-4FFF-44CB-90C3-928117A98394}
	EndGlobalSection
EndGlobal
